// !$*UTF8*$!
{
	archiveVersion = 1;
	classes = {
	};
	objectVersion = 46;
	objects = {

/* Begin PBXBuildFile section */
		116DBC92F897923BB2D95FE8 /* libPods.a in Frameworks */ = {isa = PBXBuildFile; fileRef = D42A6F249A01F5A00BF92643 /* libPods.a */; };
		4205188E1B1ED111006DE758 /* main.m in Sources */ = {isa = PBXBuildFile; fileRef = 4205188D1B1ED111006DE758 /* main.m */; };
		420518911B1ED111006DE758 /* AppDelegate.m in Sources */ = {isa = PBXBuildFile; fileRef = 420518901B1ED111006DE758 /* AppDelegate.m */; };
		420518941B1ED111006DE758 /* ViewController.m in Sources */ = {isa = PBXBuildFile; fileRef = 420518931B1ED111006DE758 /* ViewController.m */; };
		420518971B1ED111006DE758 /* Main.storyboard in Resources */ = {isa = PBXBuildFile; fileRef = 420518951B1ED111006DE758 /* Main.storyboard */; };
		420518991B1ED111006DE758 /* Images.xcassets in Resources */ = {isa = PBXBuildFile; fileRef = 420518981B1ED111006DE758 /* Images.xcassets */; };
		4205189C1B1ED111006DE758 /* LaunchScreen.xib in Resources */ = {isa = PBXBuildFile; fileRef = 4205189A1B1ED111006DE758 /* LaunchScreen.xib */; };
		420518A81B1ED111006DE758 /* ScrollPageControllerTests.m in Sources */ = {isa = PBXBuildFile; fileRef = 420518A71B1ED111006DE758 /* ScrollPageControllerTests.m */; };
		420518B31B1ED1DD006DE758 /* ScrollPageView.m in Sources */ = {isa = PBXBuildFile; fileRef = 420518B21B1ED1DD006DE758 /* ScrollPageView.m */; };
		420518B51B1ED991006DE758 /* privatespace.jpg in Resources */ = {isa = PBXBuildFile; fileRef = 420518B41B1ED991006DE758 /* privatespace.jpg */; };
		420BC2001B1F04C400E92557 /* appleDot@2x.png in Resources */ = {isa = PBXBuildFile; fileRef = 420BC1FE1B1F04C400E92557 /* appleDot@2x.png */; };
		420BC2011B1F04C400E92557 /* currentAppleDot@2x.png in Resources */ = {isa = PBXBuildFile; fileRef = 420BC1FF1B1F04C400E92557 /* currentAppleDot@2x.png */; };
/* End PBXBuildFile section */

/* Begin PBXContainerItemProxy section */
		420518A21B1ED111006DE758 /* PBXContainerItemProxy */ = {
			isa = PBXContainerItemProxy;
			containerPortal = 420518801B1ED111006DE758 /* Project object */;
			proxyType = 1;
			remoteGlobalIDString = 420518871B1ED111006DE758;
			remoteInfo = ScrollPageController;
		};
/* End PBXContainerItemProxy section */

/* Begin PBXFileReference section */
		420518881B1ED111006DE758 /* ScrollPageController.app */ = {isa = PBXFileReference; explicitFileType = wrapper.application; includeInIndex = 0; path = ScrollPageController.app; sourceTree = BUILT_PRODUCTS_DIR; };
		4205188C1B1ED111006DE758 /* Info.plist */ = {isa = PBXFileReference; lastKnownFileType = text.plist.xml; path = Info.plist; sourceTree = "<group>"; };
		4205188D1B1ED111006DE758 /* main.m */ = {isa = PBXFileReference; lastKnownFileType = sourcecode.c.objc; path = main.m; sourceTree = "<group>"; };
		4205188F1B1ED111006DE758 /* AppDelegate.h */ = {isa = PBXFileReference; lastKnownFileType = sourcecode.c.h; path = AppDelegate.h; sourceTree = "<group>"; };
		420518901B1ED111006DE758 /* AppDelegate.m */ = {isa = PBXFileReference; lastKnownFileType = sourcecode.c.objc; path = AppDelegate.m; sourceTree = "<group>"; };
		420518921B1ED111006DE758 /* ViewController.h */ = {isa = PBXFileReference; lastKnownFileType = sourcecode.c.h; path = ViewController.h; sourceTree = "<group>"; };
		420518931B1ED111006DE758 /* ViewController.m */ = {isa = PBXFileReference; lastKnownFileType = sourcecode.c.objc; path = ViewController.m; sourceTree = "<group>"; };
		420518961B1ED111006DE758 /* Base */ = {isa = PBXFileReference; lastKnownFileType = file.storyboard; name = Base; path = Base.lproj/Main.storyboard; sourceTree = "<group>"; };
		420518981B1ED111006DE758 /* Images.xcassets */ = {isa = PBXFileReference; lastKnownFileType = folder.assetcatalog; path = Images.xcassets; sourceTree = "<group>"; };
		4205189B1B1ED111006DE758 /* Base */ = {isa = PBXFileReference; lastKnownFileType = file.xib; name = Base; path = Base.lproj/LaunchScreen.xib; sourceTree = "<group>"; };
		420518A11B1ED111006DE758 /* ScrollPageControllerTests.xctest */ = {isa = PBXFileReference; explicitFileType = wrapper.cfbundle; includeInIndex = 0; path = ScrollPageControllerTests.xctest; sourceTree = BUILT_PRODUCTS_DIR; };
		420518A61B1ED111006DE758 /* Info.plist */ = {isa = PBXFileReference; lastKnownFileType = text.plist.xml; path = Info.plist; sourceTree = "<group>"; };
		420518A71B1ED111006DE758 /* ScrollPageControllerTests.m */ = {isa = PBXFileReference; lastKnownFileType = sourcecode.c.objc; path = ScrollPageControllerTests.m; sourceTree = "<group>"; };
		420518B11B1ED1DD006DE758 /* ScrollPageView.h */ = {isa = PBXFileReference; fileEncoding = 4; lastKnownFileType = sourcecode.c.h; path = ScrollPageView.h; sourceTree = "<group>"; };
		420518B21B1ED1DD006DE758 /* ScrollPageView.m */ = {isa = PBXFileReference; fileEncoding = 4; lastKnownFileType = sourcecode.c.objc; path = ScrollPageView.m; sourceTree = "<group>"; };
		420518B41B1ED991006DE758 /* privatespace.jpg */ = {isa = PBXFileReference; lastKnownFileType = image.jpeg; path = privatespace.jpg; sourceTree = "<group>"; };
		420BC1FE1B1F04C400E92557 /* appleDot@2x.png */ = {isa = PBXFileReference; lastKnownFileType = image.png; path = "appleDot@2x.png"; sourceTree = "<group>"; };
		420BC1FF1B1F04C400E92557 /* currentAppleDot@2x.png */ = {isa = PBXFileReference; lastKnownFileType = image.png; path = "currentAppleDot@2x.png"; sourceTree = "<group>"; };
		9B94AFEF7E7438F135399C32 /* Pods.debug.xcconfig */ = {isa = PBXFileReference; includeInIndex = 1; lastKnownFileType = text.xcconfig; name = Pods.debug.xcconfig; path = "Pods/Target Support Files/Pods/Pods.debug.xcconfig"; sourceTree = "<group>"; };
		AA9227D75E1D39019F3EE018 /* Pods.release.xcconfig */ = {isa = PBXFileReference; includeInIndex = 1; lastKnownFileType = text.xcconfig; name = Pods.release.xcconfig; path = "Pods/Target Support Files/Pods/Pods.release.xcconfig"; sourceTree = "<group>"; };
		D42A6F249A01F5A00BF92643 /* libPods.a */ = {isa = PBXFileReference; explicitFileType = archive.ar; includeInIndex = 0; path = libPods.a; sourceTree = BUILT_PRODUCTS_DIR; };
/* End PBXFileReference section */

/* Begin PBXFrameworksBuildPhase section */
		420518851B1ED111006DE758 /* Frameworks */ = {
			isa = PBXFrameworksBuildPhase;
			buildActionMask = 2147483647;
			files = (
				116DBC92F897923BB2D95FE8 /* libPods.a in Frameworks */,
			);
			runOnlyForDeploymentPostprocessing = 0;
		};
		4205189E1B1ED111006DE758 /* Frameworks */ = {
			isa = PBXFrameworksBuildPhase;
			buildActionMask = 2147483647;
			files = (
			);
			runOnlyForDeploymentPostprocessing = 0;
		};
/* End PBXFrameworksBuildPhase section */

/* Begin PBXGroup section */
		2A276C278013B7FCE2E71353 /* Frameworks */ = {
			isa = PBXGroup;
			children = (
				D42A6F249A01F5A00BF92643 /* libPods.a */,
			);
			name = Frameworks;
			sourceTree = "<group>";
		};
		4205187F1B1ED111006DE758 = {
			isa = PBXGroup;
			children = (
				4205188A1B1ED111006DE758 /* ScrollPageController */,
				420518A41B1ED111006DE758 /* ScrollPageControllerTests */,
				420518891B1ED111006DE758 /* Products */,
				ABD544EA4473B594967C4D72 /* Pods */,
				2A276C278013B7FCE2E71353 /* Frameworks */,
			);
			sourceTree = "<group>";
		};
		420518891B1ED111006DE758 /* Products */ = {
			isa = PBXGroup;
			children = (
				420518881B1ED111006DE758 /* ScrollPageController.app */,
				420518A11B1ED111006DE758 /* ScrollPageControllerTests.xctest */,
			);
			name = Products;
			sourceTree = "<group>";
		};
		4205188A1B1ED111006DE758 /* ScrollPageController */ = {
			isa = PBXGroup;
			children = (
				420BC1FE1B1F04C400E92557 /* appleDot@2x.png */,
				420BC1FF1B1F04C400E92557 /* currentAppleDot@2x.png */,
				420518B41B1ED991006DE758 /* privatespace.jpg */,
				4205188F1B1ED111006DE758 /* AppDelegate.h */,
				420518901B1ED111006DE758 /* AppDelegate.m */,
				420518921B1ED111006DE758 /* ViewController.h */,
				420518931B1ED111006DE758 /* ViewController.m */,
				420518951B1ED111006DE758 /* Main.storyboard */,
				420518981B1ED111006DE758 /* Images.xcassets */,
				4205189A1B1ED111006DE758 /* LaunchScreen.xib */,
				4205188B1B1ED111006DE758 /* Supporting Files */,
				420518B11B1ED1DD006DE758 /* ScrollPageView.h */,
				420518B21B1ED1DD006DE758 /* ScrollPageView.m */,
			);
			path = ScrollPageController;
			sourceTree = "<group>";
		};
		4205188B1B1ED111006DE758 /* Supporting Files */ = {
			isa = PBXGroup;
			children = (
				4205188C1B1ED111006DE758 /* Info.plist */,
				4205188D1B1ED111006DE758 /* main.m */,
			);
			name = "Supporting Files";
			sourceTree = "<group>";
		};
		420518A41B1ED111006DE758 /* ScrollPageControllerTests */ = {
			isa = PBXGroup;
			children = (
				420518A71B1ED111006DE758 /* ScrollPageControllerTests.m */,
				420518A51B1ED111006DE758 /* Supporting Files */,
			);
			path = ScrollPageControllerTests;
			sourceTree = "<group>";
		};
		420518A51B1ED111006DE758 /* Supporting Files */ = {
			isa = PBXGroup;
			children = (
				420518A61B1ED111006DE758 /* Info.plist */,
			);
			name = "Supporting Files";
			sourceTree = "<group>";
		};
		ABD544EA4473B594967C4D72 /* Pods */ = {
			isa = PBXGroup;
			children = (
				9B94AFEF7E7438F135399C32 /* Pods.debug.xcconfig */,
				AA9227D75E1D39019F3EE018 /* Pods.release.xcconfig */,
			);
			name = Pods;
			sourceTree = "<group>";
		};
/* End PBXGroup section */

/* Begin PBXNativeTarget section */
		420518871B1ED111006DE758 /* ScrollPageController */ = {
			isa = PBXNativeTarget;
			buildConfigurationList = 420518AB1B1ED111006DE758 /* Build configuration list for PBXNativeTarget "ScrollPageController" */;
			buildPhases = (
				56A7A37F0DD2AC1815F900D3 /* Check Pods Manifest.lock */,
				420518841B1ED111006DE758 /* Sources */,
				420518851B1ED111006DE758 /* Frameworks */,
				420518861B1ED111006DE758 /* Resources */,
				2FC25118B9DE1389DD25608A /* Copy Pods Resources */,
			);
			buildRules = (
			);
			dependencies = (
			);
			name = ScrollPageController;
			productName = ScrollPageController;
			productReference = 420518881B1ED111006DE758 /* ScrollPageController.app */;
			productType = "com.apple.product-type.application";
		};
		420518A01B1ED111006DE758 /* ScrollPageControllerTests */ = {
			isa = PBXNativeTarget;
			buildConfigurationList = 420518AE1B1ED111006DE758 /* Build configuration list for PBXNativeTarget "ScrollPageControllerTests" */;
			buildPhases = (
				4205189D1B1ED111006DE758 /* Sources */,
				4205189E1B1ED111006DE758 /* Frameworks */,
				4205189F1B1ED111006DE758 /* Resources */,
			);
			buildRules = (
			);
			dependencies = (
				420518A31B1ED111006DE758 /* PBXTargetDependency */,
			);
			name = ScrollPageControllerTests;
			productName = ScrollPageControllerTests;
			productReference = 420518A11B1ED111006DE758 /* ScrollPageControllerTests.xctest */;
			productType = "com.apple.product-type.bundle.unit-test";
		};
/* End PBXNativeTarget section */

/* Begin PBXProject section */
		420518801B1ED111006DE758 /* Project object */ = {
			isa = PBXProject;
			attributes = {
				LastUpgradeCheck = 0630;
				ORGANIZATIONNAME = icfcc;
				TargetAttributes = {
					420518871B1ED111006DE758 = {
						CreatedOnToolsVersion = 6.3.2;
					};
					420518A01B1ED111006DE758 = {
						CreatedOnToolsVersion = 6.3.2;
						TestTargetID = 420518871B1ED111006DE758;
					};
				};
			};
			buildConfigurationList = 420518831B1ED111006DE758 /* Build configuration list for PBXProject "ScrollPageController" */;
			compatibilityVersion = "Xcode 3.2";
			developmentRegion = English;
			hasScannedForEncodings = 0;
			knownRegions = (
				en,
				Base,
			);
			mainGroup = 4205187F1B1ED111006DE758;
			productRefGroup = 420518891B1ED111006DE758 /* Products */;
			projectDirPath = "";
			projectRoot = "";
			targets = (
				420518871B1ED111006DE758 /* ScrollPageController */,
				420518A01B1ED111006DE758 /* ScrollPageControllerTests */,
			);
		};
/* End PBXProject section */

/* Begin PBXResourcesBuildPhase section */
		420518861B1ED111006DE758 /* Resources */ = {
			isa = PBXResourcesBuildPhase;
			buildActionMask = 2147483647;
			files = (
				420518971B1ED111006DE758 /* Main.storyboard in Resources */,
				4205189C1B1ED111006DE758 /* LaunchScreen.xib in Resources */,
				420518B51B1ED991006DE758 /* privatespace.jpg in Resources */,
				420BC2011B1F04C400E92557 /* currentAppleDot@2x.png in Resources */,
				420518991B1ED111006DE758 /* Images.xcassets in Resources */,
				420BC2001B1F04C400E92557 /* appleDot@2x.png in Resources */,
			);
			runOnlyForDeploymentPostprocessing = 0;
		};
		4205189F1B1ED111006DE758 /* Resources */ = {
			isa = PBXResourcesBuildPhase;
			buildActionMask = 2147483647;
			files = (
			);
			runOnlyForDeploymentPostprocessing = 0;
		};
/* End PBXResourcesBuildPhase section */

/* Begin PBXShellScriptBuildPhase section */
		2FC25118B9DE1389DD25608A /* Copy Pods Resources */ = {
			isa = PBXShellScriptBuildPhase;
			buildActionMask = 2147483647;
			files = (
			);
			inputPaths = (
			);
			name = "Copy Pods Resources";
			outputPaths = (
			);
			runOnlyForDeploymentPostprocessing = 0;
			shellPath = /bin/sh;
			shellScript = "\"${SRCROOT}/Pods/Target Support Files/Pods/Pods-resources.sh\"\n";
			showEnvVarsInLog = 0;
		};
		56A7A37F0DD2AC1815F900D3 /* Check Pods Manifest.lock */ = {
			isa = PBXShellScriptBuildPhase;
			buildActionMask = 2147483647;
			files = (
			);
			inputPaths = (
			);
			name = "Check Pods Manifest.lock";
			outputPaths = (
			);
			runOnlyForDeploymentPostprocessing = 0;
			shellPath = /bin/sh;
			shellScript = "diff \"${PODS_ROOT}/../Podfile.lock\" \"${PODS_ROOT}/Manifest.lock\" > /dev/null\nif [[ $? != 0 ]] ; then\n    cat << EOM\nerror: The sandbox is not in sync with the Podfile.lock. Run 'pod install' or update your CocoaPods installation.\nEOM\n    exit 1\nfi\n";
			showEnvVarsInLog = 0;
		};
/* End PBXShellScriptBuildPhase section */

/* Begin PBXSourcesBuildPhase section */
		420518841B1ED111006DE758 /* Sources */ = {
			isa = PBXSourcesBuildPhase;
			buildActionMask = 2147483647;
			files = (
				420518941B1ED111006DE758 /* ViewController.m in Sources */,
				420518911B1ED111006DE758 /* AppDelegate.m in Sources */,
				420518B31B1ED1DD006DE758 /* ScrollPageView.m in Sources */,
				4205188E1B1ED111006DE758 /* main.m in Sources */,
			);
			runOnlyForDeploymentPostprocessing = 0;
		};
		4205189D1B1ED111006DE758 /* Sources */ = {
			isa = PBXSourcesBuildPhase;
			buildActionMask = 2147483647;
			files = (
				420518A81B1ED111006DE758 /* ScrollPageControllerTests.m in Sources */,
			);
			runOnlyForDeploymentPostprocessing = 0;
		};
/* End PBXSourcesBuildPhase section */

/* Begin PBXTargetDependency section */
		420518A31B1ED111006DE758 /* PBXTargetDependency */ = {
			isa = PBXTargetDependency;
			target = 420518871B1ED111006DE758 /* ScrollPageController */;
			targetProxy = 420518A21B1ED111006DE758 /* PBXContainerItemProxy */;
		};
/* End PBXTargetDependency section */

/* Begin PBXVariantGroup section */
		420518951B1ED111006DE758 /* Main.storyboard */ = {
			isa = PBXVariantGroup;
			children = (
				420518961B1ED111006DE758 /* Base */,
			);
			name = Main.storyboard;
			sourceTree = "<group>";
		};
		4205189A1B1ED111006DE758 /* LaunchScreen.xib */ = {
			isa = PBXVariantGroup;
			children = (
				4205189B1B1ED111006DE758 /* Base */,
			);
			name = LaunchScreen.xib;
			sourceTree = "<group>";
		};
/* End PBXVariantGroup section */

/* Begin XCBuildConfiguration section */
		420518A91B1ED111006DE758 /* Debug */ = {
			isa = XCBuildConfiguration;
			buildSettings = {
				ALWAYS_SEARCH_USER_PATHS = NO;
				CLANG_CXX_LANGUAGE_STANDARD = "gnu++0x";
				CLANG_CXX_LIBRARY = "libc++";
				CLANG_ENABLE_MODULES = YES;
				CLANG_ENABLE_OBJC_ARC = YES;
				CLANG_WARN_BOOL_CONVERSION = YES;
				CLANG_WARN_CONSTANT_CONVERSION = YES;
				CLANG_WARN_DIRECT_OBJC_ISA_USAGE = YES_ERROR;
				CLANG_WARN_EMPTY_BODY = YES;
				CLANG_WARN_ENUM_CONVERSION = YES;
				CLANG_WARN_INT_CONVERSION = YES;
				CLANG_WARN_OBJC_ROOT_CLASS = YES_ERROR;
				CLANG_WARN_UNREACHABLE_CODE = YES;
				CLANG_WARN__DUPLICATE_METHOD_MATCH = YES;
				"CODE_SIGN_IDENTITY[sdk=iphoneos*]" = "iPhone Developer";
				COPY_PHASE_STRIP = NO;
				DEBUG_INFORMATION_FORMAT = "dwarf-with-dsym";
				ENABLE_STRICT_OBJC_MSGSEND = YES;
				GCC_C_LANGUAGE_STANDARD = gnu99;
				GCC_DYNAMIC_NO_PIC = NO;
				GCC_NO_COMMON_BLOCKS = YES;
				GCC_OPTIMIZATION_LEVEL = 0;
				GCC_PREPROCESSOR_DEFINITIONS = (
					"DEBUG=1",
					"$(inherited)",
				);
				GCC_SYMBOLS_PRIVATE_EXTERN = NO;
				GCC_WARN_64_TO_32_BIT_CONVERSION = YES;
				GCC_WARN_ABOUT_RETURN_TYPE = YES_ERROR;
				GCC_WARN_UNDECLARED_SELECTOR = YES;
				GCC_WARN_UNINITIALIZED_AUTOS = YES_AGGRESSIVE;
				GCC_WARN_UNUSED_FUNCTION = YES;
				GCC_WARN_UNUSED_VARIABLE = YES;
				IPHONEOS_DEPLOYMENT_TARGET = 8.3;
				MTL_ENABLE_DEBUG_INFO = YES;
				ONLY_ACTIVE_ARCH = YES;
				SDKROOT = iphoneos;
				TARGETED_DEVICE_FAMILY = "1,2";
			};
			name = Debug;
		};
		420518AA1B1ED111006DE758 /* Release */ = {
			isa = XCBuildConfiguration;
			buildSettings = {
				ALWAYS_SEARCH_USER_PATHS = NO;
				CLANG_CXX_LANGUAGE_STANDARD = "gnu++0x";
				CLANG_CXX_LIBRARY = "libc++";
				CLANG_ENABLE_MODULES = YES;
				CLANG_ENABLE_OBJC_ARC = YES;
				CLANG_WARN_BOOL_CONVERSION = YES;
				CLANG_WARN_CONSTANT_CONVERSION = YES;
				CLANG_WARN_DIRECT_OBJC_ISA_USAGE = YES_ERROR;
				CLANG_WARN_EMPTY_BODY = YES;
				CLANG_WARN_ENUM_CONVERSION = YES;
				CLANG_WARN_INT_CONVERSION = YES;
				CLANG_WARN_OBJC_ROOT_CLASS = YES_ERROR;
				CLANG_WARN_UNREACHABLE_CODE = YES;
				CLANG_WARN__DUPLICATE_METHOD_MATCH = YES;
				"CODE_SIGN_IDENTITY[sdk=iphoneos*]" = "iPhone Developer";
				COPY_PHASE_STRIP = NO;
				DEBUG_INFORMATION_FORMAT = "dwarf-with-dsym";
				ENABLE_NS_ASSERTIONS = NO;
				ENABLE_STRICT_OBJC_MSGSEND = YES;
				GCC_C_LANGUAGE_STANDARD = gnu99;
				GCC_NO_COMMON_BLOCKS = YES;
				GCC_WARN_64_TO_32_BIT_CONVERSION = YES;
				GCC_WARN_ABOUT_RETURN_TYPE = YES_ERROR;
				GCC_WARN_UNDECLARED_SELECTOR = YES;
				GCC_WARN_UNINITIALIZED_AUTOS = YES_AGGRESSIVE;
				GCC_WARN_UNUSED_FUNCTION = YES;
				GCC_WARN_UNUSED_VARIABLE = YES;
				IPHONEOS_DEPLOYMENT_TARGET = 8.3;
				MTL_ENABLE_DEBUG_INFO = NO;
				SDKROOT = iphoneos;
				TARGETED_DEVICE_FAMILY = "1,2";
				VALIDATE_PRODUCT = YES;
			};
			name = Release;
		};
		420518AC1B1ED111006DE758 /* Debug */ = {
			isa = XCBuildConfiguration;
			baseConfigurationReference = 9B94AFEF7E7438F135399C32 /* Pods.debug.xcconfig */;
			buildSettings = {
				ASSETCATALOG_COMPILER_APPICON_NAME = AppIcon;
				INFOPLIST_FILE = ScrollPageController/Info.plist;
				LD_RUNPATH_SEARCH_PATHS = "$(inherited) @executable_path/Frameworks";
				PRODUCT_NAME = "$(TARGET_NAME)";
			};
			name = Debug;
		};
		420518AD1B1ED111006DE758 /* Release */ = {
			isa = XCBuildConfiguration;
			baseConfigurationReference = AA9227D75E1D39019F3EE018 /* Pods.release.xcconfig */;
			buildSettings = {
				ASSETCATALOG_COMPILER_APPICON_NAME = AppIcon;
				INFOPLIST_FILE = ScrollPageController/Info.plist;
				LD_RUNPATH_SEARCH_PATHS = "$(inherited) @executable_path/Frameworks";
				PRODUCT_NAME = "$(TARGET_NAME)";
			};
			name = Release;
		};
		420518AF1B1ED111006DE758 /* Debug */ = {
			isa = XCBuildConfiguration;
			buildSettings = {
				BUNDLE_LOADER = "$(TEST_HOST)";
				FRAMEWORK_SEARCH_PATHS = (
					"$(SDKROOT)/Developer/Library/Frameworks",
					"$(inherited)",
				);
				GCC_PREPROCESSOR_DEFINITIONS = (
					"DEBUG=1",
					"$(inherited)",
				);
				INFOPLIST_FILE = ScrollPageControllerTests/Info.plist;
				LD_RUNPATH_SEARCH_PATHS = "$(inherited) @executable_path/Frameworks @loader_path/Frameworks";
				PRODUCT_NAME = "$(TARGET_NAME)";
				TEST_HOST = "$(BUILT_PRODUCTS_DIR)/ScrollPageController.app/ScrollPageController";
			};
			name = Debug;
		};
		420518B01B1ED111006DE758 /* Release */ = {
			isa = XCBuildConfiguration;
			buildSettings = {
				BUNDLE_LOADER = "$(TEST_HOST)";
				FRAMEWORK_SEARCH_PATHS = (
					"$(SDKROOT)/Developer/Library/Frameworks",
					"$(inherited)",
				);
				INFOPLIST_FILE = ScrollPageControllerTests/Info.plist;
				LD_RUNPATH_SEARCH_PATHS = "$(inherited) @executable_path/Frameworks @loader_path/Frameworks";
				PRODUCT_NAME = "$(TARGET_NAME)";
				TEST_HOST = "$(BUILT_PRODUCTS_DIR)/ScrollPageController.app/ScrollPageController";
			};
			name = Release;
		};
/* End XCBuildConfiguration section */

/* Begin XCConfigurationList section */
		420518831B1ED111006DE758 /* Build configuration list for PBXProject "ScrollPageController" */ = {
			isa = XCConfigurationList;
			buildConfigurations = (
				420518A91B1ED111006DE758 /* Debug */,
				420518AA1B1ED111006DE758 /* Release */,
			);
			defaultConfigurationIsVisible = 0;
			defaultConfigurationName = Release;
		};
		420518AB1B1ED111006DE758 /* Build configuration list for PBXNativeTarget "ScrollPageController" */ = {
			isa = XCConfigurationList;
			buildConfigurations = (
				420518AC1B1ED111006DE758 /* Debug */,
				420518AD1B1ED111006DE758 /* Release */,
			);
			defaultConfigurationIsVisible = 0;
			defaultConfigurationName = Release;
		};
		420518AE1B1ED111006DE758 /* Build configuration list for PBXNativeTarget "ScrollPageControllerTests" */ = {
			isa = XCConfigurationList;
			buildConfigurations = (
				420518AF1B1ED111006DE758 /* Debug */,
				420518B01B1ED111006DE758 /* Release */,
			);
			defaultConfigurationIsVisible = 0;
			defaultConfigurationName = Release;
		};
/* End XCConfigurationList section */
	};
	rootObject = 420518801B1ED111006DE758 /* Project object */;
}
